// !$*UTF8*$!
{
	archiveVersion = 1;
	classes = {
	};
	objectVersion = 56;
	objects = {

/* Begin PBXBuildFile section */
		D82A3C6C2C688E5D008B7335 /* AppDelegate.swift in Sources */ = {isa = PBXBuildFile; fileRef = D82A3C6B2C688E5D008B7335 /* AppDelegate.swift */; };
		D82A3C6E2C688E5D008B7335 /* SceneDelegate.swift in Sources */ = {isa = PBXBuildFile; fileRef = D82A3C6D2C688E5D008B7335 /* SceneDelegate.swift */; };
		D82A3C702C688E5D008B7335 /* WeatherViewController.swift in Sources */ = {isa = PBXBuildFile; fileRef = D82A3C6F2C688E5D008B7335 /* WeatherViewController.swift */; };
		D82A3C732C688E5D008B7335 /* Base in Resources */ = {isa = PBXBuildFile; fileRef = D82A3C722C688E5D008B7335 /* Base */; };
		D82A3C752C688E5F008B7335 /* Assets.xcassets in Resources */ = {isa = PBXBuildFile; fileRef = D82A3C742C688E5F008B7335 /* Assets.xcassets */; };
		D82A3C782C688E5F008B7335 /* Base in Resources */ = {isa = PBXBuildFile; fileRef = D82A3C772C688E5F008B7335 /* Base */; };
		D82A3C802C688F12008B7335 /* NetworkManager.swift in Sources */ = {isa = PBXBuildFile; fileRef = D82A3C7F2C688F12008B7335 /* NetworkManager.swift */; };
		D82A3C822C688F2B008B7335 /* DataManager.swift in Sources */ = {isa = PBXBuildFile; fileRef = D82A3C812C688F2B008B7335 /* DataManager.swift */; };
		D82A3C842C689F07008B7335 /* WeatherModel.swift in Sources */ = {isa = PBXBuildFile; fileRef = D82A3C832C689F07008B7335 /* WeatherModel.swift */; };
		D82A3C862C68A2C2008B7335 /* WeatherViewModel.swift in Sources */ = {isa = PBXBuildFile; fileRef = D82A3C852C68A2C2008B7335 /* WeatherViewModel.swift */; };
/* End PBXBuildFile section */

/* Begin PBXFileReference section */
		D82A3C682C688E5D008B7335 /* Showerss.app */ = {isa = PBXFileReference; explicitFileType = wrapper.application; includeInIndex = 0; path = Showerss.app; sourceTree = BUILT_PRODUCTS_DIR; };
		D82A3C6B2C688E5D008B7335 /* AppDelegate.swift */ = {isa = PBXFileReference; lastKnownFileType = sourcecode.swift; path = AppDelegate.swift; sourceTree = "<group>"; };
		D82A3C6D2C688E5D008B7335 /* SceneDelegate.swift */ = {isa = PBXFileReference; lastKnownFileType = sourcecode.swift; path = SceneDelegate.swift; sourceTree = "<group>"; };
		D82A3C6F2C688E5D008B7335 /* WeatherViewController.swift */ = {isa = PBXFileReference; lastKnownFileType = sourcecode.swift; path = WeatherViewController.swift; sourceTree = "<group>"; };
		D82A3C722C688E5D008B7335 /* Base */ = {isa = PBXFileReference; lastKnownFileType = file.storyboard; name = Base; path = Base.lproj/Main.storyboard; sourceTree = "<group>"; };
		D82A3C742C688E5F008B7335 /* Assets.xcassets */ = {isa = PBXFileReference; lastKnownFileType = folder.assetcatalog; path = Assets.xcassets; sourceTree = "<group>"; };
		D82A3C772C688E5F008B7335 /* Base */ = {isa = PBXFileReference; lastKnownFileType = file.storyboard; name = Base; path = Base.lproj/LaunchScreen.storyboard; sourceTree = "<group>"; };
		D82A3C792C688E5F008B7335 /* Info.plist */ = {isa = PBXFileReference; lastKnownFileType = text.plist.xml; path = Info.plist; sourceTree = "<group>"; };
		D82A3C7F2C688F12008B7335 /* NetworkManager.swift */ = {isa = PBXFileReference; lastKnownFileType = sourcecode.swift; path = NetworkManager.swift; sourceTree = "<group>"; };
		D82A3C812C688F2B008B7335 /* DataManager.swift */ = {isa = PBXFileReference; lastKnownFileType = sourcecode.swift; path = DataManager.swift; sourceTree = "<group>"; };
		D82A3C832C689F07008B7335 /* WeatherModel.swift */ = {isa = PBXFileReference; lastKnownFileType = sourcecode.swift; path = WeatherModel.swift; sourceTree = "<group>"; };
		D82A3C852C68A2C2008B7335 /* WeatherViewModel.swift */ = {isa = PBXFileReference; lastKnownFileType = sourcecode.swift; path = WeatherViewModel.swift; sourceTree = "<group>"; };
/* End PBXFileReference section */

/* Begin PBXFrameworksBuildPhase section */
		D82A3C652C688E5D008B7335 /* Frameworks */ = {
			isa = PBXFrameworksBuildPhase;
			buildActionMask = 2147483647;
			files = (
			);
			runOnlyForDeploymentPostprocessing = 0;
		};
/* End PBXFrameworksBuildPhase section */

/* Begin PBXGroup section */
		D82A3C5F2C688E5D008B7335 = {
			isa = PBXGroup;
			children = (
				D82A3C6A2C688E5D008B7335 /* Showerss */,
				D82A3C692C688E5D008B7335 /* Products */,
			);
			sourceTree = "<group>";
		};
		D82A3C692C688E5D008B7335 /* Products */ = {
			isa = PBXGroup;
			children = (
				D82A3C682C688E5D008B7335 /* Showerss.app */,
			);
			name = Products;
			sourceTree = "<group>";
		};
		D82A3C6A2C688E5D008B7335 /* Showerss */ = {
			isa = PBXGroup;
			children = (
				D82A3C6B2C688E5D008B7335 /* AppDelegate.swift */,
				D82A3C6D2C688E5D008B7335 /* SceneDelegate.swift */,
				D82A3C6F2C688E5D008B7335 /* WeatherViewController.swift */,
				D82A3C712C688E5D008B7335 /* Main.storyboard */,
				D82A3C742C688E5F008B7335 /* Assets.xcassets */,
				D82A3C762C688E5F008B7335 /* LaunchScreen.storyboard */,
				D82A3C792C688E5F008B7335 /* Info.plist */,
				D82A3C7F2C688F12008B7335 /* NetworkManager.swift */,
				D82A3C812C688F2B008B7335 /* DataManager.swift */,
				D82A3C832C689F07008B7335 /* WeatherModel.swift */,
				D82A3C852C68A2C2008B7335 /* WeatherViewModel.swift */,
			);
			path = Showerss;
			sourceTree = "<group>";
		};
/* End PBXGroup section */

/* Begin PBXNativeTarget section */
		D82A3C672C688E5D008B7335 /* Showerss */ = {
			isa = PBXNativeTarget;
			buildConfigurationList = D82A3C7C2C688E5F008B7335 /* Build configuration list for PBXNativeTarget "Showerss" */;
			buildPhases = (
				D82A3C642C688E5D008B7335 /* Sources */,
				D82A3C652C688E5D008B7335 /* Frameworks */,
				D82A3C662C688E5D008B7335 /* Resources */,
			);
			buildRules = (
			);
			dependencies = (
			);
			name = Showerss;
			productName = Showerss;
			productReference = D82A3C682C688E5D008B7335 /* Showerss.app */;
			productType = "com.apple.product-type.application";
		};
/* End PBXNativeTarget section */

/* Begin PBXProject section */
		D82A3C602C688E5D008B7335 /* Project object */ = {
			isa = PBXProject;
			attributes = {
				BuildIndependentTargetsInParallel = 1;
				LastSwiftUpdateCheck = 1540;
				LastUpgradeCheck = 1540;
				TargetAttributes = {
					D82A3C672C688E5D008B7335 = {
						CreatedOnToolsVersion = 15.4;
					};
				};
			};
			buildConfigurationList = D82A3C632C688E5D008B7335 /* Build configuration list for PBXProject "Showerss" */;
			compatibilityVersion = "Xcode 14.0";
			developmentRegion = en;
			hasScannedForEncodings = 0;
			knownRegions = (
				en,
				Base,
			);
			mainGroup = D82A3C5F2C688E5D008B7335;
			productRefGroup = D82A3C692C688E5D008B7335 /* Products */;
			projectDirPath = "";
			projectRoot = "";
			targets = (
				D82A3C672C688E5D008B7335 /* Showerss */,
			);
		};
/* End PBXProject section */

/* Begin PBXResourcesBuildPhase section */
		D82A3C662C688E5D008B7335 /* Resources */ = {
			isa = PBXResourcesBuildPhase;
			buildActionMask = 2147483647;
			files = (
				D82A3C752C688E5F008B7335 /* Assets.xcassets in Resources */,
				D82A3C782C688E5F008B7335 /* Base in Resources */,
				D82A3C732C688E5D008B7335 /* Base in Resources */,
			);
			runOnlyForDeploymentPostprocessing = 0;
		};
/* End PBXResourcesBuildPhase section */

/* Begin PBXSourcesBuildPhase section */
		D82A3C642C688E5D008B7335 /* Sources */ = {
			isa = PBXSourcesBuildPhase;
			buildActionMask = 2147483647;
			files = (
				D82A3C802C688F12008B7335 /* NetworkManager.swift in Sources */,
				D82A3C822C688F2B008B7335 /* DataManager.swift in Sources */,
				D82A3C702C688E5D008B7335 /* WeatherViewController.swift in Sources */,
				D82A3C862C68A2C2008B7335 /* WeatherViewModel.swift in Sources */,
				D82A3C6C2C688E5D008B7335 /* AppDelegate.swift in Sources */,
				D82A3C842C689F07008B7335 /* WeatherModel.swift in Sources */,
				D82A3C6E2C688E5D008B7335 /* SceneDelegate.swift in Sources */,
			);
			runOnlyForDeploymentPostprocessing = 0;
		};
/* End PBXSourcesBuildPhase section */

/* Begin PBXVariantGroup section */
		D82A3C712C688E5D008B7335 /* Main.storyboard */ = {
			isa = PBXVariantGroup;
			children = (
				D82A3C722C688E5D008B7335 /* Base */,
			);
			name = Main.storyboard;
			sourceTree = "<group>";
		};
		D82A3C762C688E5F008B7335 /* LaunchScreen.storyboard */ = {
			isa = PBXVariantGroup;
			children = (
				D82A3C772C688E5F008B7335 /* Base */,
			);
			name = LaunchScreen.storyboard;
			sourceTree = "<group>";
		};
/* End PBXVariantGroup section */

/* Begin XCBuildConfiguration section */
		D82A3C7A2C688E5F008B7335 /* Debug */ = {
			isa = XCBuildConfiguration;
			buildSettings = {
				ALWAYS_SEARCH_USER_PATHS = NO;
				ASSETCATALOG_COMPILER_GENERATE_SWIFT_ASSET_SYMBOL_EXTENSIONS = YES;
				CLANG_ANALYZER_NONNULL = YES;
				CLANG_ANALYZER_NUMBER_OBJECT_CONVERSION = YES_AGGRESSIVE;
				CLANG_CXX_LANGUAGE_STANDARD = "gnu++20";
				CLANG_ENABLE_MODULES = YES;
				CLANG_ENABLE_OBJC_ARC = YES;
				CLANG_ENABLE_OBJC_WEAK = YES;
				CLANG_WARN_BLOCK_CAPTURE_AUTORELEASING = YES;
				CLANG_WARN_BOOL_CONVERSION = YES;
				CLANG_WARN_COMMA = YES;
				CLANG_WARN_CONSTANT_CONVERSION = YES;
				CLANG_WARN_DEPRECATED_OBJC_IMPLEMENTATIONS = YES;
				CLANG_WARN_DIRECT_OBJC_ISA_USAGE = YES_ERROR;
				CLANG_WARN_DOCUMENTATION_COMMENTS = YES;
				CLANG_WARN_EMPTY_BODY = YES;
				CLANG_WARN_ENUM_CONVERSION = YES;
				CLANG_WARN_INFINITE_RECURSION = YES;
				CLANG_WARN_INT_CONVERSION = YES;
				CLANG_WARN_NON_LITERAL_NULL_CONVERSION = YES;
				CLANG_WARN_OBJC_IMPLICIT_RETAIN_SELF = YES;
				CLANG_WARN_OBJC_LITERAL_CONVERSION = YES;
				CLANG_WARN_OBJC_ROOT_CLASS = YES_ERROR;
				CLANG_WARN_QUOTED_INCLUDE_IN_FRAMEWORK_HEADER = YES;
				CLANG_WARN_RANGE_LOOP_ANALYSIS = YES;
				CLANG_WARN_STRICT_PROTOTYPES = YES;
				CLANG_WARN_SUSPICIOUS_MOVE = YES;
				CLANG_WARN_UNGUARDED_AVAILABILITY = YES_AGGRESSIVE;
				CLANG_WARN_UNREACHABLE_CODE = YES;
				CLANG_WARN__DUPLICATE_METHOD_MATCH = YES;
				COPY_PHASE_STRIP = NO;
				DEBUG_INFORMATION_FORMAT = dwarf;
				ENABLE_STRICT_OBJC_MSGSEND = YES;
				ENABLE_TESTABILITY = YES;
				ENABLE_USER_SCRIPT_SANDBOXING = YES;
				GCC_C_LANGUAGE_STANDARD = gnu17;
				GCC_DYNAMIC_NO_PIC = NO;
				GCC_NO_COMMON_BLOCKS = YES;
				GCC_OPTIMIZATION_LEVEL = 0;
				GCC_PREPROCESSOR_DEFINITIONS = (
					"DEBUG=1",
					"$(inherited)",
				);
				GCC_WARN_64_TO_32_BIT_CONVERSION = YES;
				GCC_WARN_ABOUT_RETURN_TYPE = YES_ERROR;
				GCC_WARN_UNDECLARED_SELECTOR = YES;
				GCC_WARN_UNINITIALIZED_AUTOS = YES_AGGRESSIVE;
				GCC_WARN_UNUSED_FUNCTION = YES;
				GCC_WARN_UNUSED_VARIABLE = YES;
				IPHONEOS_DEPLOYMENT_TARGET = 17.5;
				LOCALIZATION_PREFERS_STRING_CATALOGS = YES;
				MTL_ENABLE_DEBUG_INFO = INCLUDE_SOURCE;
				MTL_FAST_MATH = YES;
				ONLY_ACTIVE_ARCH = YES;
				SDKROOT = iphoneos;
				SWIFT_ACTIVE_COMPILATION_CONDITIONS = "DEBUG $(inherited)";
				SWIFT_OPTIMIZATION_LEVEL = "-Onone";
			};
			name = Debug;
		};
		D82A3C7B2C688E5F008B7335 /* Release */ = {
			isa = XCBuildConfiguration;
			buildSettings = {
				ALWAYS_SEARCH_USER_PATHS = NO;
				ASSETCATALOG_COMPILER_GENERATE_SWIFT_ASSET_SYMBOL_EXTENSIONS = YES;
				CLANG_ANALYZER_NONNULL = YES;
				CLANG_ANALYZER_NUMBER_OBJECT_CONVERSION = YES_AGGRESSIVE;
				CLANG_CXX_LANGUAGE_STANDARD = "gnu++20";
				CLANG_ENABLE_MODULES = YES;
				CLANG_ENABLE_OBJC_ARC = YES;
				CLANG_ENABLE_OBJC_WEAK = YES;
				CLANG_WARN_BLOCK_CAPTURE_AUTORELEASING = YES;
				CLANG_WARN_BOOL_CONVERSION = YES;
				CLANG_WARN_COMMA = YES;
				CLANG_WARN_CONSTANT_CONVERSION = YES;
				CLANG_WARN_DEPRECATED_OBJC_IMPLEMENTATIONS = YES;
				CLANG_WARN_DIRECT_OBJC_ISA_USAGE = YES_ERROR;
				CLANG_WARN_DOCUMENTATION_COMMENTS = YES;
				CLANG_WARN_EMPTY_BODY = YES;
				CLANG_WARN_ENUM_CONVERSION = YES;
				CLANG_WARN_INFINITE_RECURSION = YES;
				CLANG_WARN_INT_CONVERSION = YES;
				CLANG_WARN_NON_LITERAL_NULL_CONVERSION = YES;
				CLANG_WARN_OBJC_IMPLICIT_RETAIN_SELF = YES;
				CLANG_WARN_OBJC_LITERAL_CONVERSION = YES;
				CLANG_WARN_OBJC_ROOT_CLASS = YES_ERROR;
				CLANG_WARN_QUOTED_INCLUDE_IN_FRAMEWORK_HEADER = YES;
				CLANG_WARN_RANGE_LOOP_ANALYSIS = YES;
				CLANG_WARN_STRICT_PROTOTYPES = YES;
				CLANG_WARN_SUSPICIOUS_MOVE = YES;
				CLANG_WARN_UNGUARDED_AVAILABILITY = YES_AGGRESSIVE;
				CLANG_WARN_UNREACHABLE_CODE = YES;
				CLANG_WARN__DUPLICATE_METHOD_MATCH = YES;
				COPY_PHASE_STRIP = NO;
				DEBUG_INFORMATION_FORMAT = "dwarf-with-dsym";
				ENABLE_NS_ASSERTIONS = NO;
				ENABLE_STRICT_OBJC_MSGSEND = YES;
				ENABLE_USER_SCRIPT_SANDBOXING = YES;
				GCC_C_LANGUAGE_STANDARD = gnu17;
				GCC_NO_COMMON_BLOCKS = YES;
				GCC_WARN_64_TO_32_BIT_CONVERSION = YES;
				GCC_WARN_ABOUT_RETURN_TYPE = YES_ERROR;
				GCC_WARN_UNDECLARED_SELECTOR = YES;
				GCC_WARN_UNINITIALIZED_AUTOS = YES_AGGRESSIVE;
				GCC_WARN_UNUSED_FUNCTION = YES;
				GCC_WARN_UNUSED_VARIABLE = YES;
				IPHONEOS_DEPLOYMENT_TARGET = 17.5;
				LOCALIZATION_PREFERS_STRING_CATALOGS = YES;
				MTL_ENABLE_DEBUG_INFO = NO;
				MTL_FAST_MATH = YES;
				SDKROOT = iphoneos;
				SWIFT_COMPILATION_MODE = wholemodule;
				VALIDATE_PRODUCT = YES;
			};
			name = Release;
		};
		D82A3C7D2C688E5F008B7335 /* Debug */ = {
			isa = XCBuildConfiguration;
			buildSettings = {
				ASSETCATALOG_COMPILER_APPICON_NAME = AppIcon;
				ASSETCATALOG_COMPILER_GLOBAL_ACCENT_COLOR_NAME = AccentColor;
				CODE_SIGN_STYLE = Automatic;
				CURRENT_PROJECT_VERSION = 1;
				DEVELOPMENT_TEAM = 4C6TC4MY8Y;
				GENERATE_INFOPLIST_FILE = YES;
				INFOPLIST_FILE = Showerss/Info.plist;
				INFOPLIST_KEY_UIApplicationSupportsIndirectInputEvents = YES;
				INFOPLIST_KEY_UILaunchStoryboardName = LaunchScreen;
				INFOPLIST_KEY_UIMainStoryboardFile = Main;
				INFOPLIST_KEY_UISupportedInterfaceOrientations_iPad = "UIInterfaceOrientationPortrait UIInterfaceOrientationPortraitUpsideDown UIInterfaceOrientationLandscapeLeft UIInterfaceOrientationLandscapeRight";
				INFOPLIST_KEY_UISupportedInterfaceOrientations_iPhone = "UIInterfaceOrientationPortrait UIInterfaceOrientationLandscapeLeft UIInterfaceOrientationLandscapeRight";
				LD_RUNPATH_SEARCH_PATHS = (
					"$(inherited)",
					"@executable_path/Frameworks",
				);
				MARKETING_VERSION = 1.0;
				PRODUCT_BUNDLE_IDENTIFIER = com.souvik.Showerss;
				PRODUCT_NAME = "$(TARGET_NAME)";
				SWIFT_EMIT_LOC_STRINGS = YES;
				SWIFT_VERSION = 5.0;
				TARGETED_DEVICE_FAMILY = "1,2";
			};
			name = Debug;
		};
		D82A3C7E2C688E5F008B7335 /* Release */ = {
			isa = XCBuildConfiguration;
			buildSettings = {
				ASSETCATALOG_COMPILER_APPICON_NAME = AppIcon;
				ASSETCATALOG_COMPILER_GLOBAL_ACCENT_COLOR_NAME = AccentColor;
				CODE_SIGN_STYLE = Automatic;
				CURRENT_PROJECT_VERSION = 1;
				DEVELOPMENT_TEAM = 4C6TC4MY8Y;
				GENERATE_INFOPLIST_FILE = YES;
				INFOPLIST_FILE = Showerss/Info.plist;
				INFOPLIST_KEY_UIApplicationSupportsIndirectInputEvents = YES;
				INFOPLIST_KEY_UILaunchStoryboardName = LaunchScreen;
				INFOPLIST_KEY_UIMainStoryboardFile = Main;
				INFOPLIST_KEY_UISupportedInterfaceOrientations_iPad = "UIInterfaceOrientationPortrait UIInterfaceOrientationPortraitUpsideDown UIInterfaceOrientationLandscapeLeft UIInterfaceOrientationLandscapeRight";
				INFOPLIST_KEY_UISupportedInterfaceOrientations_iPhone = "UIInterfaceOrientationPortrait UIInterfaceOrientationLandscapeLeft UIInterfaceOrientationLandscapeRight";
				LD_RUNPATH_SEARCH_PATHS = (
					"$(inherited)",
					"@executable_path/Frameworks",
				);
				MARKETING_VERSION = 1.0;
				PRODUCT_BUNDLE_IDENTIFIER = com.souvik.Showerss;
				PRODUCT_NAME = "$(TARGET_NAME)";
				SWIFT_EMIT_LOC_STRINGS = YES;
				SWIFT_VERSION = 5.0;
				TARGETED_DEVICE_FAMILY = "1,2";
			};
			name = Release;
		};
/* End XCBuildConfiguration section */

/* Begin XCConfigurationList section */
		D82A3C632C688E5D008B7335 /* Build configuration list for PBXProject "Showerss" */ = {
			isa = XCConfigurationList;
			buildConfigurations = (
				D82A3C7A2C688E5F008B7335 /* Debug */,
				D82A3C7B2C688E5F008B7335 /* Release */,
			);
			defaultConfigurationIsVisible = 0;
			defaultConfigurationName = Release;
		};
		D82A3C7C2C688E5F008B7335 /* Build configuration list for PBXNativeTarget "Showerss" */ = {
			isa = XCConfigurationList;
			buildConfigurations = (
				D82A3C7D2C688E5F008B7335 /* Debug */,
				D82A3C7E2C688E5F008B7335 /* Release */,
			);
			defaultConfigurationIsVisible = 0;
			defaultConfigurationName = Release;
		};
/* End XCConfigurationList section */
	};
	rootObject = D82A3C602C688E5D008B7335 /* Project object */;
}
